
Microsoft Visual Studio Solution File, Format Version 12.00
# Visual Studio Version 17
VisualStudioVersion = 17.3.32825.248
MinimumVisualStudioVersion = 10.0.40219.1
Project("{FAE04EC0-301F-11D3-BF4B-00C04F79EFBC}") = "lab15", "lab15.csproj", "{3AD63979-0670-405C-AC61-4199E9A82A98}"
EndProject
Global
	GlobalSection(SolutionConfigurationPlatforms) = preSolution
		Debug|Any CPU = Debug|Any CPU
		Release|Any CPU = Release|Any CPU
	EndGlobalSection
	GlobalSection(ProjectConfigurationPlatforms) = postSolution
		{3AD63979-0670-405C-AC61-4199E9A82A98}.Debug|Any CPU.ActiveCfg = Debug|Any CPU
		{3AD63979-0670-405C-AC61-4199E9A82A98}.Debug|Any CPU.Build.0 = Debug|Any CPU
		{3AD63979-0670-405C-AC61-4199E9A82A98}.Release|Any CPU.ActiveCfg = Release|Any CPU
		{3AD63979-0670-405C-AC61-4199E9A82A98}.Release|Any CPU.Build.0 = Release|Any CPU
	EndGlobalSection
	GlobalSection(SolutionProperties) = preSolution
		HideSolutionNode = FALSE
	EndGlobalSection
	GlobalSection(ExtensibilityGlobals) = postSolution
		SolutionGuid = {6BAE5182-E57C-41A4-B804-9D74F9308260}
	EndGlobalSection
EndGlobal
