
Microsoft Visual Studio Solution File, Format Version 12.00
# Visual Studio Version 17
VisualStudioVersion = 17.3.32825.248
MinimumVisualStudioVersion = 10.0.40219.1
Project("{FAE04EC0-301F-11D3-BF4B-00C04F79EFBC}") = "LAB__10", "LAB__10.csproj", "{0387253C-EC65-44A8-A1D7-FD4976FEE32B}"
EndProject
Global
	GlobalSection(SolutionConfigurationPlatforms) = preSolution
		Debug|Any CPU = Debug|Any CPU
		Release|Any CPU = Release|Any CPU
	EndGlobalSection
	GlobalSection(ProjectConfigurationPlatforms) = postSolution
		{0387253C-EC65-44A8-A1D7-FD4976FEE32B}.Debug|Any CPU.ActiveCfg = Debug|Any CPU
		{0387253C-EC65-44A8-A1D7-FD4976FEE32B}.Debug|Any CPU.Build.0 = Debug|Any CPU
		{0387253C-EC65-44A8-A1D7-FD4976FEE32B}.Release|Any CPU.ActiveCfg = Release|Any CPU
		{0387253C-EC65-44A8-A1D7-FD4976FEE32B}.Release|Any CPU.Build.0 = Release|Any CPU
	EndGlobalSection
	GlobalSection(SolutionProperties) = preSolution
		HideSolutionNode = FALSE
	EndGlobalSection
	GlobalSection(ExtensibilityGlobals) = postSolution
		SolutionGuid = {63EC273B-DB16-4B09-AC88-313BFFBF27F5}
	EndGlobalSection
EndGlobal
